
Microsoft Visual Studio Solution File, Format Version 12.00
# Visual Studio Version 17
VisualStudioVersion = 17.0.32014.148
MinimumVisualStudioVersion = 10.0.40219.1
Project("{F2A71F9B-5D33-465A-A702-920D77279786}") = "AkademikHesaplama", "AkademikHesaplama\AkademikHesaplama.fsproj", "{AA4AE1A2-6574-491E-8036-296BDCF5A53B}"
EndProject
Global
	GlobalSection(SolutionConfigurationPlatforms) = preSolution
		Debug|Any CPU = Debug|Any CPU
		Release|Any CPU = Release|Any CPU
	EndGlobalSection
	GlobalSection(ProjectConfigurationPlatforms) = postSolution
		{AA4AE1A2-6574-491E-8036-296BDCF5A53B}.Debug|Any CPU.ActiveCfg = Debug|Any CPU
		{AA4AE1A2-6574-491E-8036-296BDCF5A53B}.Debug|Any CPU.Build.0 = Debug|Any CPU
		{AA4AE1A2-6574-491E-8036-296BDCF5A53B}.Release|Any CPU.ActiveCfg = Release|Any CPU
		{AA4AE1A2-6574-491E-8036-296BDCF5A53B}.Release|Any CPU.Build.0 = Release|Any CPU
	EndGlobalSection
	GlobalSection(SolutionProperties) = preSolution
		HideSolutionNode = FALSE
	EndGlobalSection
	GlobalSection(ExtensibilityGlobals) = postSolution
		SolutionGuid = {A9E1AC6C-22D7-4C78-BDBE-C37D57B0C9B9}
	EndGlobalSection
EndGlobal
